{
  "name": "springboot_client",
  "version": "1.0.0",
  "lockfileVersion": 3,
  "requires": true,
  "packages": {
    "": {
      "name": "springboot_client",
      "version": "1.0.0",
      "license": "ISC",
      "dependencies": {
        "axios": "^1.6.5"
      }
    },
    "node_modules/axios": {
      "version": "1.6.5",
      "resolved": "https://registry.npmjs.org/axios/-/axios-1.6.5.tgz",
      "integrity": "sha512-Ii012v05KEVuUoFWmMW/UQv9aRIc3ZwkWDcM+h5Il8izZCtRVpDUfwpoFf7eOtajT3QiGR4yDUx7lPqHJULgbg==",
      "dependencies": {
        "follow-redirects": "^1.15.4",
        "form-data": "^4.0.0",
        "proxy-from-env": "^1.1.0"
      }
    }
  }
}
